
Microsoft Visual Studio Solution File, Format Version 12.00
# Visual Studio Version 17
VisualStudioVersion = 17.11.35327.3
MinimumVisualStudioVersion = 10.0.40219.1
Project("{9A19103F-16F7-4668-BE54-9A1E7A4F7556}") = "new_test_avalonia", "new_test_avalonia.csproj", "{BDA476E1-44D3-4C39-AE72-9D2C3DC29FEF}"
EndProject
Project("{9A19103F-16F7-4668-BE54-9A1E7A4F7556}") = "new_test_avalonia.Desktop", "..\new_test_avalonia.Desktop\new_test_avalonia.Desktop.csproj", "{8EC61FBE-6038-4A33-B233-7D1E1E08E8B4}"
EndProject
Global
	GlobalSection(SolutionConfigurationPlatforms) = preSolution
		Debug|Any CPU = Debug|Any CPU
		Release|Any CPU = Release|Any CPU
	EndGlobalSection
	GlobalSection(ProjectConfigurationPlatforms) = postSolution
		{BDA476E1-44D3-4C39-AE72-9D2C3DC29FEF}.Debug|Any CPU.ActiveCfg = Debug|Any CPU
		{BDA476E1-44D3-4C39-AE72-9D2C3DC29FEF}.Debug|Any CPU.Build.0 = Debug|Any CPU
		{BDA476E1-44D3-4C39-AE72-9D2C3DC29FEF}.Release|Any CPU.ActiveCfg = Release|Any CPU
		{BDA476E1-44D3-4C39-AE72-9D2C3DC29FEF}.Release|Any CPU.Build.0 = Release|Any CPU
		{8EC61FBE-6038-4A33-B233-7D1E1E08E8B4}.Debug|Any CPU.ActiveCfg = Debug|Any CPU
		{8EC61FBE-6038-4A33-B233-7D1E1E08E8B4}.Debug|Any CPU.Build.0 = Debug|Any CPU
		{8EC61FBE-6038-4A33-B233-7D1E1E08E8B4}.Release|Any CPU.ActiveCfg = Release|Any CPU
		{8EC61FBE-6038-4A33-B233-7D1E1E08E8B4}.Release|Any CPU.Build.0 = Release|Any CPU
	EndGlobalSection
	GlobalSection(SolutionProperties) = preSolution
		HideSolutionNode = FALSE
	EndGlobalSection
	GlobalSection(ExtensibilityGlobals) = postSolution
		SolutionGuid = {333DB163-840B-4FBA-ACF0-5AA422B21DFE}
	EndGlobalSection
EndGlobal
